
Microsoft Visual Studio Solution File, Format Version 12.00
# Visual Studio Version 16
VisualStudioVersion = 16.0.29905.134
MinimumVisualStudioVersion = 10.0.40219.1
Project("{FAE04EC0-301F-11D3-BF4B-00C04F79EFBC}") = "Bonus_Homework_04", "Bonus_Homework_04.csproj", "{C47EF04B-6605-4F83-97E0-A21A2F517032}"
EndProject
Global
	GlobalSection(SolutionConfigurationPlatforms) = preSolution
		Debug|Any CPU = Debug|Any CPU
		Release|Any CPU = Release|Any CPU
	EndGlobalSection
	GlobalSection(ProjectConfigurationPlatforms) = postSolution
		{C47EF04B-6605-4F83-97E0-A21A2F517032}.Debug|Any CPU.ActiveCfg = Debug|Any CPU
		{C47EF04B-6605-4F83-97E0-A21A2F517032}.Debug|Any CPU.Build.0 = Debug|Any CPU
		{C47EF04B-6605-4F83-97E0-A21A2F517032}.Release|Any CPU.ActiveCfg = Release|Any CPU
		{C47EF04B-6605-4F83-97E0-A21A2F517032}.Release|Any CPU.Build.0 = Release|Any CPU
	EndGlobalSection
	GlobalSection(SolutionProperties) = preSolution
		HideSolutionNode = FALSE
	EndGlobalSection
	GlobalSection(ExtensibilityGlobals) = postSolution
		SolutionGuid = {39F0DE1B-144A-446A-BD34-8499CC812D22}
	EndGlobalSection
EndGlobal
